
Microsoft Visual Studio Solution File, Format Version 12.00
# Visual Studio 2013
VisualStudioVersion = 12.0.30501.0
MinimumVisualStudioVersion = 10.0.40219.1
Project("{2150E333-8FDC-42A3-9474-1A3956D46DE8}") = "Dots.WinApps", "Dots.WinApps", "{8E69CC3B-359E-461C-9703-600D633603CE}"
EndProject
Project("{D954291E-2A0B-460D-934E-DC6B0785DB48}") = "Shared", "Dots.WinApps\Shared\Shared.shproj", "{7FF9DE4E-EF9B-435F-8BB2-59741D166678}"
EndProject
Project("{FAE04EC0-301F-11D3-BF4B-00C04F79EFBC}") = "Windows", "Dots.WinApps\Windows\Windows.csproj", "{CE7F7C9E-C892-4AA0-9D35-22D704F8D244}"
EndProject
Project("{FAE04EC0-301F-11D3-BF4B-00C04F79EFBC}") = "WindowsPhone", "Dots.WinApps\WindowsPhone\WindowsPhone.csproj", "{00D1C402-28B1-468B-AB72-16093F0BDA44}"
EndProject
Global
	GlobalSection(SharedMSBuildProjectFiles) = preSolution
		Dots.WinApps\Shared\Shared.projitems*{7ff9de4e-ef9b-435f-8bb2-59741d166678}*SharedItemsImports = 13
		Dots.WinApps\Shared\Shared.projitems*{ce7f7c9e-c892-4aa0-9d35-22d704f8d244}*SharedItemsImports = 4
		Dots.WinApps\Shared\Shared.projitems*{00d1c402-28b1-468b-ab72-16093f0bda44}*SharedItemsImports = 4
	EndGlobalSection
	GlobalSection(SolutionConfigurationPlatforms) = preSolution
		Debug|Any CPU = Debug|Any CPU
		Debug|ARM = Debug|ARM
		Debug|x64 = Debug|x64
		Debug|x86 = Debug|x86
		Release|Any CPU = Release|Any CPU
		Release|ARM = Release|ARM
		Release|x64 = Release|x64
		Release|x86 = Release|x86
	EndGlobalSection
	GlobalSection(ProjectConfigurationPlatforms) = postSolution
		{CE7F7C9E-C892-4AA0-9D35-22D704F8D244}.Debug|Any CPU.ActiveCfg = Debug|Any CPU
		{CE7F7C9E-C892-4AA0-9D35-22D704F8D244}.Debug|Any CPU.Build.0 = Debug|Any CPU
		{CE7F7C9E-C892-4AA0-9D35-22D704F8D244}.Debug|Any CPU.Deploy.0 = Debug|Any CPU
		{CE7F7C9E-C892-4AA0-9D35-22D704F8D244}.Debug|ARM.ActiveCfg = Debug|ARM
		{CE7F7C9E-C892-4AA0-9D35-22D704F8D244}.Debug|ARM.Build.0 = Debug|ARM
		{CE7F7C9E-C892-4AA0-9D35-22D704F8D244}.Debug|ARM.Deploy.0 = Debug|ARM
		{CE7F7C9E-C892-4AA0-9D35-22D704F8D244}.Debug|x64.ActiveCfg = Debug|x64
		{CE7F7C9E-C892-4AA0-9D35-22D704F8D244}.Debug|x64.Build.0 = Debug|x64
		{CE7F7C9E-C892-4AA0-9D35-22D704F8D244}.Debug|x64.Deploy.0 = Debug|x64
		{CE7F7C9E-C892-4AA0-9D35-22D704F8D244}.Debug|x86.ActiveCfg = Debug|x86
		{CE7F7C9E-C892-4AA0-9D35-22D704F8D244}.Debug|x86.Build.0 = Debug|x86
		{CE7F7C9E-C892-4AA0-9D35-22D704F8D244}.Debug|x86.Deploy.0 = Debug|x86
		{CE7F7C9E-C892-4AA0-9D35-22D704F8D244}.Release|Any CPU.ActiveCfg = Release|Any CPU
		{CE7F7C9E-C892-4AA0-9D35-22D704F8D244}.Release|Any CPU.Build.0 = Release|Any CPU
		{CE7F7C9E-C892-4AA0-9D35-22D704F8D244}.Release|Any CPU.Deploy.0 = Release|Any CPU
		{CE7F7C9E-C892-4AA0-9D35-22D704F8D244}.Release|ARM.ActiveCfg = Release|ARM
		{CE7F7C9E-C892-4AA0-9D35-22D704F8D244}.Release|ARM.Build.0 = Release|ARM
		{CE7F7C9E-C892-4AA0-9D35-22D704F8D244}.Release|ARM.Deploy.0 = Release|ARM
		{CE7F7C9E-C892-4AA0-9D35-22D704F8D244}.Release|x64.ActiveCfg = Release|x64
		{CE7F7C9E-C892-4AA0-9D35-22D704F8D244}.Release|x64.Build.0 = Release|x64
		{CE7F7C9E-C892-4AA0-9D35-22D704F8D244}.Release|x64.Deploy.0 = Release|x64
		{CE7F7C9E-C892-4AA0-9D35-22D704F8D244}.Release|x86.ActiveCfg = Release|x86
		{CE7F7C9E-C892-4AA0-9D35-22D704F8D244}.Release|x86.Build.0 = Release|x86
		{CE7F7C9E-C892-4AA0-9D35-22D704F8D244}.Release|x86.Deploy.0 = Release|x86
		{00D1C402-28B1-468B-AB72-16093F0BDA44}.Debug|Any CPU.ActiveCfg = Debug|Any CPU
		{00D1C402-28B1-468B-AB72-16093F0BDA44}.Debug|Any CPU.Build.0 = Debug|Any CPU
		{00D1C402-28B1-468B-AB72-16093F0BDA44}.Debug|Any CPU.Deploy.0 = Debug|Any CPU
		{00D1C402-28B1-468B-AB72-16093F0BDA44}.Debug|ARM.ActiveCfg = Debug|ARM
		{00D1C402-28B1-468B-AB72-16093F0BDA44}.Debug|ARM.Build.0 = Debug|ARM
		{00D1C402-28B1-468B-AB72-16093F0BDA44}.Debug|ARM.Deploy.0 = Debug|ARM
		{00D1C402-28B1-468B-AB72-16093F0BDA44}.Debug|x64.ActiveCfg = Debug|Any CPU
		{00D1C402-28B1-468B-AB72-16093F0BDA44}.Debug|x86.ActiveCfg = Debug|x86
		{00D1C402-28B1-468B-AB72-16093F0BDA44}.Debug|x86.Build.0 = Debug|x86
		{00D1C402-28B1-468B-AB72-16093F0BDA44}.Debug|x86.Deploy.0 = Debug|x86
		{00D1C402-28B1-468B-AB72-16093F0BDA44}.Release|Any CPU.ActiveCfg = Release|Any CPU
		{00D1C402-28B1-468B-AB72-16093F0BDA44}.Release|Any CPU.Build.0 = Release|Any CPU
		{00D1C402-28B1-468B-AB72-16093F0BDA44}.Release|Any CPU.Deploy.0 = Release|Any CPU
		{00D1C402-28B1-468B-AB72-16093F0BDA44}.Release|ARM.ActiveCfg = Release|ARM
		{00D1C402-28B1-468B-AB72-16093F0BDA44}.Release|ARM.Build.0 = Release|ARM
		{00D1C402-28B1-468B-AB72-16093F0BDA44}.Release|ARM.Deploy.0 = Release|ARM
		{00D1C402-28B1-468B-AB72-16093F0BDA44}.Release|x64.ActiveCfg = Release|Any CPU
		{00D1C402-28B1-468B-AB72-16093F0BDA44}.Release|x86.ActiveCfg = Release|x86
		{00D1C402-28B1-468B-AB72-16093F0BDA44}.Release|x86.Build.0 = Release|x86
		{00D1C402-28B1-468B-AB72-16093F0BDA44}.Release|x86.Deploy.0 = Release|x86
	EndGlobalSection
	GlobalSection(SolutionProperties) = preSolution
		HideSolutionNode = FALSE
	EndGlobalSection
	GlobalSection(NestedProjects) = preSolution
		{7FF9DE4E-EF9B-435F-8BB2-59741D166678} = {8E69CC3B-359E-461C-9703-600D633603CE}
		{CE7F7C9E-C892-4AA0-9D35-22D704F8D244} = {8E69CC3B-359E-461C-9703-600D633603CE}
		{00D1C402-28B1-468B-AB72-16093F0BDA44} = {8E69CC3B-359E-461C-9703-600D633603CE}
	EndGlobalSection
EndGlobal
